// !$*UTF8*$!
{
	archiveVersion = 1;
	classes = {
	};
	objectVersion = 56;
	objects = {

/* Begin PBXBuildFile section */
		A224EE1F2AEBF6C000894B90 /* DragAnywhereApp.swift in Sources */ = {isa = PBXBuildFile; fileRef = A224EE1E2AEBF6C000894B90 /* DragAnywhereApp.swift */; };
		A224EE212AEBF6C000894B90 /* ContentView.swift in Sources */ = {isa = PBXBuildFile; fileRef = A224EE202AEBF6C000894B90 /* ContentView.swift */; };
		A224EE232AEBF6C100894B90 /* Assets.xcassets in Resources */ = {isa = PBXBuildFile; fileRef = A224EE222AEBF6C100894B90 /* Assets.xcassets */; };
		A224EE262AEBF6C100894B90 /* Preview Assets.xcassets in Resources */ = {isa = PBXBuildFile; fileRef = A224EE252AEBF6C100894B90 /* Preview Assets.xcassets */; };
		A224EE2F2AEBFC5300894B90 /* Magic.swift in Sources */ = {isa = PBXBuildFile; fileRef = A224EE2E2AEBFC5300894B90 /* Magic.swift */; };
		A224EE312AEBFC6700894B90 /* Shell.swift in Sources */ = {isa = PBXBuildFile; fileRef = A224EE302AEBFC6700894B90 /* Shell.swift */; };
		A27C84222AECB2D400D545A1 /* Info.plist in Resources */ = {isa = PBXBuildFile; fileRef = A27C84212AECB2D400D545A1 /* Info.plist */; };
		A2C103F12AEC0E890073DD96 /* AlertToast in Frameworks */ = {isa = PBXBuildFile; productRef = A2C103F02AEC0E890073DD96 /* AlertToast */; };
/* End PBXBuildFile section */

/* Begin PBXFileReference section */
		A224EE1B2AEBF6C000894B90 /* DragAnywhere.app */ = {isa = PBXFileReference; explicitFileType = wrapper.application; includeInIndex = 0; path = DragAnywhere.app; sourceTree = BUILT_PRODUCTS_DIR; };
		A224EE1E2AEBF6C000894B90 /* DragAnywhereApp.swift */ = {isa = PBXFileReference; lastKnownFileType = sourcecode.swift; path = DragAnywhereApp.swift; sourceTree = "<group>"; };
		A224EE202AEBF6C000894B90 /* ContentView.swift */ = {isa = PBXFileReference; lastKnownFileType = sourcecode.swift; path = ContentView.swift; sourceTree = "<group>"; };
		A224EE222AEBF6C100894B90 /* Assets.xcassets */ = {isa = PBXFileReference; lastKnownFileType = folder.assetcatalog; path = Assets.xcassets; sourceTree = "<group>"; };
		A224EE252AEBF6C100894B90 /* Preview Assets.xcassets */ = {isa = PBXFileReference; lastKnownFileType = folder.assetcatalog; path = "Preview Assets.xcassets"; sourceTree = "<group>"; };
		A224EE272AEBF6C100894B90 /* DragAnywhere.entitlements */ = {isa = PBXFileReference; lastKnownFileType = text.plist.entitlements; path = DragAnywhere.entitlements; sourceTree = "<group>"; };
		A224EE2E2AEBFC5300894B90 /* Magic.swift */ = {isa = PBXFileReference; lastKnownFileType = sourcecode.swift; path = Magic.swift; sourceTree = "<group>"; };
		A224EE302AEBFC6700894B90 /* Shell.swift */ = {isa = PBXFileReference; lastKnownFileType = sourcecode.swift; path = Shell.swift; sourceTree = "<group>"; };
		A27C84212AECB2D400D545A1 /* Info.plist */ = {isa = PBXFileReference; lastKnownFileType = text.plist.xml; path = Info.plist; sourceTree = "<group>"; };
/* End PBXFileReference section */

/* Begin PBXFrameworksBuildPhase section */
		A224EE182AEBF6C000894B90 /* Frameworks */ = {
			isa = PBXFrameworksBuildPhase;
			buildActionMask = 2147483647;
			files = (
				A2C103F12AEC0E890073DD96 /* AlertToast in Frameworks */,
			);
			runOnlyForDeploymentPostprocessing = 0;
		};
/* End PBXFrameworksBuildPhase section */

/* Begin PBXGroup section */
		A224EE122AEBF6C000894B90 = {
			isa = PBXGroup;
			children = (
				A224EE1D2AEBF6C000894B90 /* DragAnywhere */,
				A224EE1C2AEBF6C000894B90 /* Products */,
			);
			sourceTree = "<group>";
		};
		A224EE1C2AEBF6C000894B90 /* Products */ = {
			isa = PBXGroup;
			children = (
				A224EE1B2AEBF6C000894B90 /* DragAnywhere.app */,
			);
			name = Products;
			sourceTree = "<group>";
		};
		A224EE1D2AEBF6C000894B90 /* DragAnywhere */ = {
			isa = PBXGroup;
			children = (
				A224EE1E2AEBF6C000894B90 /* DragAnywhereApp.swift */,
				A224EE2E2AEBFC5300894B90 /* Magic.swift */,
				A224EE302AEBFC6700894B90 /* Shell.swift */,
				A224EE202AEBF6C000894B90 /* ContentView.swift */,
				A224EE222AEBF6C100894B90 /* Assets.xcassets */,
				A224EE272AEBF6C100894B90 /* DragAnywhere.entitlements */,
				A224EE242AEBF6C100894B90 /* Preview Content */,
				A27C84212AECB2D400D545A1 /* Info.plist */,
			);
			path = DragAnywhere;
			sourceTree = "<group>";
		};
		A224EE242AEBF6C100894B90 /* Preview Content */ = {
			isa = PBXGroup;
			children = (
				A224EE252AEBF6C100894B90 /* Preview Assets.xcassets */,
			);
			path = "Preview Content";
			sourceTree = "<group>";
		};
/* End PBXGroup section */

/* Begin PBXNativeTarget section */
		A224EE1A2AEBF6C000894B90 /* DragAnywhere */ = {
			isa = PBXNativeTarget;
			buildConfigurationList = A224EE2A2AEBF6C100894B90 /* Build configuration list for PBXNativeTarget "DragAnywhere" */;
			buildPhases = (
				A224EE172AEBF6C000894B90 /* Sources */,
				A224EE182AEBF6C000894B90 /* Frameworks */,
				A224EE192AEBF6C000894B90 /* Resources */,
			);
			buildRules = (
			);
			dependencies = (
			);
			name = DragAnywhere;
			packageProductDependencies = (
				A2C103F02AEC0E890073DD96 /* AlertToast */,
			);
			productName = DragAnywhere;
			productReference = A224EE1B2AEBF6C000894B90 /* DragAnywhere.app */;
			productType = "com.apple.product-type.application";
		};
/* End PBXNativeTarget section */

/* Begin PBXProject section */
		A224EE132AEBF6C000894B90 /* Project object */ = {
			isa = PBXProject;
			attributes = {
				BuildIndependentTargetsInParallel = 1;
				LastSwiftUpdateCheck = 1500;
				LastUpgradeCheck = 1500;
				TargetAttributes = {
					A224EE1A2AEBF6C000894B90 = {
						CreatedOnToolsVersion = 15.0.1;
					};
				};
			};
			buildConfigurationList = A224EE162AEBF6C000894B90 /* Build configuration list for PBXProject "DragAnywhere" */;
			compatibilityVersion = "Xcode 14.0";
			developmentRegion = en;
			hasScannedForEncodings = 0;
			knownRegions = (
				en,
				Base,
			);
			mainGroup = A224EE122AEBF6C000894B90;
			packageReferences = (
				A2C103EF2AEC0E890073DD96 /* XCRemoteSwiftPackageReference "AlertToast" */,
			);
			productRefGroup = A224EE1C2AEBF6C000894B90 /* Products */;
			projectDirPath = "";
			projectRoot = "";
			targets = (
				A224EE1A2AEBF6C000894B90 /* DragAnywhere */,
			);
		};
/* End PBXProject section */

/* Begin PBXResourcesBuildPhase section */
		A224EE192AEBF6C000894B90 /* Resources */ = {
			isa = PBXResourcesBuildPhase;
			buildActionMask = 2147483647;
			files = (
				A224EE262AEBF6C100894B90 /* Preview Assets.xcassets in Resources */,
				A224EE232AEBF6C100894B90 /* Assets.xcassets in Resources */,
				A27C84222AECB2D400D545A1 /* Info.plist in Resources */,
			);
			runOnlyForDeploymentPostprocessing = 0;
		};
/* End PBXResourcesBuildPhase section */

/* Begin PBXSourcesBuildPhase section */
		A224EE172AEBF6C000894B90 /* Sources */ = {
			isa = PBXSourcesBuildPhase;
			buildActionMask = 2147483647;
			files = (
				A224EE212AEBF6C000894B90 /* ContentView.swift in Sources */,
				A224EE2F2AEBFC5300894B90 /* Magic.swift in Sources */,
				A224EE312AEBFC6700894B90 /* Shell.swift in Sources */,
				A224EE1F2AEBF6C000894B90 /* DragAnywhereApp.swift in Sources */,
			);
			runOnlyForDeploymentPostprocessing = 0;
		};
/* End PBXSourcesBuildPhase section */

/* Begin XCBuildConfiguration section */
		A224EE282AEBF6C100894B90 /* Debug */ = {
			isa = XCBuildConfiguration;
			buildSettings = {
				ALWAYS_SEARCH_USER_PATHS = NO;
				ASSETCATALOG_COMPILER_GENERATE_SWIFT_ASSET_SYMBOL_EXTENSIONS = YES;
				CLANG_ANALYZER_NONNULL = YES;
				CLANG_ANALYZER_NUMBER_OBJECT_CONVERSION = YES_AGGRESSIVE;
				CLANG_CXX_LANGUAGE_STANDARD = "gnu++20";
				CLANG_ENABLE_MODULES = YES;
				CLANG_ENABLE_OBJC_ARC = YES;
				CLANG_ENABLE_OBJC_WEAK = YES;
				CLANG_WARN_BLOCK_CAPTURE_AUTORELEASING = YES;
				CLANG_WARN_BOOL_CONVERSION = YES;
				CLANG_WARN_COMMA = YES;
				CLANG_WARN_CONSTANT_CONVERSION = YES;
				CLANG_WARN_DEPRECATED_OBJC_IMPLEMENTATIONS = YES;
				CLANG_WARN_DIRECT_OBJC_ISA_USAGE = YES_ERROR;
				CLANG_WARN_DOCUMENTATION_COMMENTS = YES;
				CLANG_WARN_EMPTY_BODY = YES;
				CLANG_WARN_ENUM_CONVERSION = YES;
				CLANG_WARN_INFINITE_RECURSION = YES;
				CLANG_WARN_INT_CONVERSION = YES;
				CLANG_WARN_NON_LITERAL_NULL_CONVERSION = YES;
				CLANG_WARN_OBJC_IMPLICIT_RETAIN_SELF = YES;
				CLANG_WARN_OBJC_LITERAL_CONVERSION = YES;
				CLANG_WARN_OBJC_ROOT_CLASS = YES_ERROR;
				CLANG_WARN_QUOTED_INCLUDE_IN_FRAMEWORK_HEADER = YES;
				CLANG_WARN_RANGE_LOOP_ANALYSIS = YES;
				CLANG_WARN_STRICT_PROTOTYPES = YES;
				CLANG_WARN_SUSPICIOUS_MOVE = YES;
				CLANG_WARN_UNGUARDED_AVAILABILITY = YES_AGGRESSIVE;
				CLANG_WARN_UNREACHABLE_CODE = YES;
				CLANG_WARN__DUPLICATE_METHOD_MATCH = YES;
				COPY_PHASE_STRIP = NO;
				DEBUG_INFORMATION_FORMAT = dwarf;
				ENABLE_STRICT_OBJC_MSGSEND = YES;
				ENABLE_TESTABILITY = YES;
				ENABLE_USER_SCRIPT_SANDBOXING = YES;
				GCC_C_LANGUAGE_STANDARD = gnu17;
				GCC_DYNAMIC_NO_PIC = NO;
				GCC_NO_COMMON_BLOCKS = YES;
				GCC_OPTIMIZATION_LEVEL = 0;
				GCC_PREPROCESSOR_DEFINITIONS = (
					"DEBUG=1",
					"$(inherited)",
				);
				GCC_WARN_64_TO_32_BIT_CONVERSION = YES;
				GCC_WARN_ABOUT_RETURN_TYPE = YES_ERROR;
				GCC_WARN_UNDECLARED_SELECTOR = YES;
				GCC_WARN_UNINITIALIZED_AUTOS = YES_AGGRESSIVE;
				GCC_WARN_UNUSED_FUNCTION = YES;
				GCC_WARN_UNUSED_VARIABLE = YES;
				LOCALIZATION_PREFERS_STRING_CATALOGS = YES;
				MACOSX_DEPLOYMENT_TARGET = 14.0;
				MTL_ENABLE_DEBUG_INFO = INCLUDE_SOURCE;
				MTL_FAST_MATH = YES;
				ONLY_ACTIVE_ARCH = YES;
				SDKROOT = macosx;
				SWIFT_ACTIVE_COMPILATION_CONDITIONS = "DEBUG $(inherited)";
				SWIFT_OPTIMIZATION_LEVEL = "-Onone";
			};
			name = Debug;
		};
		A224EE292AEBF6C100894B90 /* Release */ = {
			isa = XCBuildConfiguration;
			buildSettings = {
				ALWAYS_SEARCH_USER_PATHS = NO;
				ASSETCATALOG_COMPILER_GENERATE_SWIFT_ASSET_SYMBOL_EXTENSIONS = YES;
				CLANG_ANALYZER_NONNULL = YES;
				CLANG_ANALYZER_NUMBER_OBJECT_CONVERSION = YES_AGGRESSIVE;
				CLANG_CXX_LANGUAGE_STANDARD = "gnu++20";
				CLANG_ENABLE_MODULES = YES;
				CLANG_ENABLE_OBJC_ARC = YES;
				CLANG_ENABLE_OBJC_WEAK = YES;
				CLANG_WARN_BLOCK_CAPTURE_AUTORELEASING = YES;
				CLANG_WARN_BOOL_CONVERSION = YES;
				CLANG_WARN_COMMA = YES;
				CLANG_WARN_CONSTANT_CONVERSION = YES;
				CLANG_WARN_DEPRECATED_OBJC_IMPLEMENTATIONS = YES;
				CLANG_WARN_DIRECT_OBJC_ISA_USAGE = YES_ERROR;
				CLANG_WARN_DOCUMENTATION_COMMENTS = YES;
				CLANG_WARN_EMPTY_BODY = YES;
				CLANG_WARN_ENUM_CONVERSION = YES;
				CLANG_WARN_INFINITE_RECURSION = YES;
				CLANG_WARN_INT_CONVERSION = YES;
				CLANG_WARN_NON_LITERAL_NULL_CONVERSION = YES;
				CLANG_WARN_OBJC_IMPLICIT_RETAIN_SELF = YES;
				CLANG_WARN_OBJC_LITERAL_CONVERSION = YES;
				CLANG_WARN_OBJC_ROOT_CLASS = YES_ERROR;
				CLANG_WARN_QUOTED_INCLUDE_IN_FRAMEWORK_HEADER = YES;
				CLANG_WARN_RANGE_LOOP_ANALYSIS = YES;
				CLANG_WARN_STRICT_PROTOTYPES = YES;
				CLANG_WARN_SUSPICIOUS_MOVE = YES;
				CLANG_WARN_UNGUARDED_AVAILABILITY = YES_AGGRESSIVE;
				CLANG_WARN_UNREACHABLE_CODE = YES;
				CLANG_WARN__DUPLICATE_METHOD_MATCH = YES;
				COPY_PHASE_STRIP = NO;
				DEBUG_INFORMATION_FORMAT = "dwarf-with-dsym";
				ENABLE_NS_ASSERTIONS = NO;
				ENABLE_STRICT_OBJC_MSGSEND = YES;
				ENABLE_USER_SCRIPT_SANDBOXING = YES;
				GCC_C_LANGUAGE_STANDARD = gnu17;
				GCC_NO_COMMON_BLOCKS = YES;
				GCC_WARN_64_TO_32_BIT_CONVERSION = YES;
				GCC_WARN_ABOUT_RETURN_TYPE = YES_ERROR;
				GCC_WARN_UNDECLARED_SELECTOR = YES;
				GCC_WARN_UNINITIALIZED_AUTOS = YES_AGGRESSIVE;
				GCC_WARN_UNUSED_FUNCTION = YES;
				GCC_WARN_UNUSED_VARIABLE = YES;
				LOCALIZATION_PREFERS_STRING_CATALOGS = YES;
				MACOSX_DEPLOYMENT_TARGET = 14.0;
				MTL_ENABLE_DEBUG_INFO = NO;
				MTL_FAST_MATH = YES;
				SDKROOT = macosx;
				SWIFT_COMPILATION_MODE = wholemodule;
			};
			name = Release;
		};
		A224EE2B2AEBF6C100894B90 /* Debug */ = {
			isa = XCBuildConfiguration;
			buildSettings = {
				ASSETCATALOG_COMPILER_APPICON_NAME = AppIcon;
				ASSETCATALOG_COMPILER_GLOBAL_ACCENT_COLOR_NAME = AccentColor;
				ASSETCATALOG_COMPILER_INCLUDE_ALL_APPICON_ASSETS = YES;
				CODE_SIGN_ENTITLEMENTS = DragAnywhere/DragAnywhere.entitlements;
				"CODE_SIGN_IDENTITY[sdk=macosx*]" = "-";
				CODE_SIGN_STYLE = Automatic;
				COMBINE_HIDPI_IMAGES = YES;
				CURRENT_PROJECT_VERSION = 1;
				DEVELOPMENT_ASSET_PATHS = "\"DragAnywhere/Preview Content\"";
				DEVELOPMENT_TEAM = J7TKXRF8TH;
				ENABLE_HARDENED_RUNTIME = YES;
				ENABLE_PREVIEWS = YES;
				GENERATE_INFOPLIST_FILE = YES;
				INFOPLIST_FILE = DragAnywhere/Info.plist;
				INFOPLIST_KEY_CFBundleDisplayName = DragAnywhere;
				INFOPLIST_KEY_LSApplicationCategoryType = "public.app-category.utilities";
				INFOPLIST_KEY_NSHumanReadableCopyright = "©️ 2023 Adam C. All rights reserved.";
				LD_RUNPATH_SEARCH_PATHS = (
					"$(inherited)",
					"@executable_path/../Frameworks",
				);
				MARKETING_VERSION = 1.0;
				PRODUCT_BUNDLE_IDENTIFIER = "cn.Wind-Explorer.DragAnywhere";
				PRODUCT_NAME = "$(TARGET_NAME)";
				SWIFT_EMIT_LOC_STRINGS = YES;
				SWIFT_VERSION = 5.0;
			};
			name = Debug;
		};
		A224EE2C2AEBF6C100894B90 /* Release */ = {
			isa = XCBuildConfiguration;
			buildSettings = {
				ASSETCATALOG_COMPILER_APPICON_NAME = AppIcon;
				ASSETCATALOG_COMPILER_GLOBAL_ACCENT_COLOR_NAME = AccentColor;
				ASSETCATALOG_COMPILER_INCLUDE_ALL_APPICON_ASSETS = YES;
				CODE_SIGN_ENTITLEMENTS = DragAnywhere/DragAnywhere.entitlements;
				"CODE_SIGN_IDENTITY[sdk=macosx*]" = "-";
				CODE_SIGN_STYLE = Automatic;
				COMBINE_HIDPI_IMAGES = YES;
				CURRENT_PROJECT_VERSION = 1;
				DEVELOPMENT_ASSET_PATHS = "\"DragAnywhere/Preview Content\"";
				DEVELOPMENT_TEAM = J7TKXRF8TH;
				ENABLE_HARDENED_RUNTIME = YES;
				ENABLE_PREVIEWS = YES;
				GENERATE_INFOPLIST_FILE = YES;
				INFOPLIST_FILE = DragAnywhere/Info.plist;
				INFOPLIST_KEY_CFBundleDisplayName = DragAnywhere;
				INFOPLIST_KEY_LSApplicationCategoryType = "public.app-category.utilities";
				INFOPLIST_KEY_NSHumanReadableCopyright = "©️ 2023 Adam C. All rights reserved.";
				LD_RUNPATH_SEARCH_PATHS = (
					"$(inherited)",
					"@executable_path/../Frameworks",
				);
				MARKETING_VERSION = 1.0;
				PRODUCT_BUNDLE_IDENTIFIER = "cn.Wind-Explorer.DragAnywhere";
				PRODUCT_NAME = "$(TARGET_NAME)";
				SWIFT_EMIT_LOC_STRINGS = YES;
				SWIFT_VERSION = 5.0;
			};
			name = Release;
		};
/* End XCBuildConfiguration section */

/* Begin XCConfigurationList section */
		A224EE162AEBF6C000894B90 /* Build configuration list for PBXProject "DragAnywhere" */ = {
			isa = XCConfigurationList;
			buildConfigurations = (
				A224EE282AEBF6C100894B90 /* Debug */,
				A224EE292AEBF6C100894B90 /* Release */,
			);
			defaultConfigurationIsVisible = 0;
			defaultConfigurationName = Release;
		};
		A224EE2A2AEBF6C100894B90 /* Build configuration list for PBXNativeTarget "DragAnywhere" */ = {
			isa = XCConfigurationList;
			buildConfigurations = (
				A224EE2B2AEBF6C100894B90 /* Debug */,
				A224EE2C2AEBF6C100894B90 /* Release */,
			);
			defaultConfigurationIsVisible = 0;
			defaultConfigurationName = Release;
		};
/* End XCConfigurationList section */

/* Begin XCRemoteSwiftPackageReference section */
		A2C103EF2AEC0E890073DD96 /* XCRemoteSwiftPackageReference "AlertToast" */ = {
			isa = XCRemoteSwiftPackageReference;
			repositoryURL = "https://github.com/elai950/AlertToast.git";
			requirement = {
				kind = upToNextMajorVersion;
				minimumVersion = 1.3.9;
			};
		};
/* End XCRemoteSwiftPackageReference section */

/* Begin XCSwiftPackageProductDependency section */
		A2C103F02AEC0E890073DD96 /* AlertToast */ = {
			isa = XCSwiftPackageProductDependency;
			package = A2C103EF2AEC0E890073DD96 /* XCRemoteSwiftPackageReference "AlertToast" */;
			productName = AlertToast;
		};
/* End XCSwiftPackageProductDependency section */
	};
	rootObject = A224EE132AEBF6C000894B90 /* Project object */;
}
